
Microsoft Visual Studio Solution File, Format Version 12.00
# Visual Studio 14
VisualStudioVersion = 14.0.25420.1
MinimumVisualStudioVersion = 10.0.40219.1
Project("{FAE04EC0-301F-11D3-BF4B-00C04F79EFBC}") = "Xamarin-Sidebar", "Xamarin-Sidebar\Xamarin-Sidebar.csproj", "{4046DF23-7FA6-4662-938D-FA3FF45DB144}"
EndProject
Project("{FAE04EC0-301F-11D3-BF4B-00C04F79EFBC}") = "UITests", "UITests\UITests.csproj", "{3F7150B4-F856-4CBE-BC4E-F398719EE2B2}"
EndProject
Project("{2150E333-8FDC-42A3-9474-1A3956D46DE8}") = "Samples", "Samples", "{3973650E-CBA1-4448-8A10-1B261FABBB4F}"
EndProject
Project("{2150E333-8FDC-42A3-9474-1A3956D46DE8}") = "SolutionItems", "SolutionItems", "{81F00105-D53D-4AEE-AC73-E37DFA764935}"
	ProjectSection(SolutionItems) = preProject
		Directory.build.props = Directory.build.props
		Directory.build.targets = Directory.build.targets
	EndProjectSection
EndProject
Global
	GlobalSection(SolutionConfigurationPlatforms) = preSolution
		Ad-Hoc|Any CPU = Ad-Hoc|Any CPU
		Ad-Hoc|iPhone = Ad-Hoc|iPhone
		Ad-Hoc|iPhoneSimulator = Ad-Hoc|iPhoneSimulator
		AppStore|Any CPU = AppStore|Any CPU
		AppStore|iPhone = AppStore|iPhone
		AppStore|iPhoneSimulator = AppStore|iPhoneSimulator
		Debug|Any CPU = Debug|Any CPU
		Debug|iPhone = Debug|iPhone
		Debug|iPhoneSimulator = Debug|iPhoneSimulator
		Release|Any CPU = Release|Any CPU
		Release|iPhone = Release|iPhone
		Release|iPhoneSimulator = Release|iPhoneSimulator
	EndGlobalSection
	GlobalSection(ProjectConfigurationPlatforms) = postSolution
		{4046DF23-7FA6-4662-938D-FA3FF45DB144}.Ad-Hoc|Any CPU.ActiveCfg = Release|Any CPU
		{4046DF23-7FA6-4662-938D-FA3FF45DB144}.Ad-Hoc|iPhone.ActiveCfg = Debug|Any CPU
		{4046DF23-7FA6-4662-938D-FA3FF45DB144}.Ad-Hoc|iPhone.Build.0 = Debug|Any CPU
		{4046DF23-7FA6-4662-938D-FA3FF45DB144}.Ad-Hoc|iPhoneSimulator.ActiveCfg = Release|Any CPU
		{4046DF23-7FA6-4662-938D-FA3FF45DB144}.AppStore|Any CPU.ActiveCfg = Release|Any CPU
		{4046DF23-7FA6-4662-938D-FA3FF45DB144}.AppStore|iPhone.ActiveCfg = Debug|Any CPU
		{4046DF23-7FA6-4662-938D-FA3FF45DB144}.AppStore|iPhone.Build.0 = Debug|Any CPU
		{4046DF23-7FA6-4662-938D-FA3FF45DB144}.AppStore|iPhoneSimulator.ActiveCfg = Release|Any CPU
		{4046DF23-7FA6-4662-938D-FA3FF45DB144}.Debug|Any CPU.ActiveCfg = Debug|Any CPU
		{4046DF23-7FA6-4662-938D-FA3FF45DB144}.Debug|Any CPU.Build.0 = Debug|Any CPU
		{4046DF23-7FA6-4662-938D-FA3FF45DB144}.Debug|iPhone.ActiveCfg = Debug|Any CPU
		{4046DF23-7FA6-4662-938D-FA3FF45DB144}.Debug|iPhone.Build.0 = Debug|Any CPU
		{4046DF23-7FA6-4662-938D-FA3FF45DB144}.Debug|iPhoneSimulator.ActiveCfg = Debug|Any CPU
		{4046DF23-7FA6-4662-938D-FA3FF45DB144}.Debug|iPhoneSimulator.Build.0 = Debug|Any CPU
		{4046DF23-7FA6-4662-938D-FA3FF45DB144}.Release|Any CPU.ActiveCfg = Release|Any CPU
		{4046DF23-7FA6-4662-938D-FA3FF45DB144}.Release|Any CPU.Build.0 = Release|Any CPU
		{4046DF23-7FA6-4662-938D-FA3FF45DB144}.Release|iPhone.ActiveCfg = Release|Any CPU
		{4046DF23-7FA6-4662-938D-FA3FF45DB144}.Release|iPhone.Build.0 = Release|Any CPU
		{4046DF23-7FA6-4662-938D-FA3FF45DB144}.Release|iPhoneSimulator.ActiveCfg = Release|Any CPU
		{4046DF23-7FA6-4662-938D-FA3FF45DB144}.Release|iPhoneSimulator.Build.0 = Release|Any CPU
		{3F7150B4-F856-4CBE-BC4E-F398719EE2B2}.Ad-Hoc|Any CPU.ActiveCfg = Debug|Any CPU
		{3F7150B4-F856-4CBE-BC4E-F398719EE2B2}.Ad-Hoc|iPhone.ActiveCfg = Release|Any CPU
		{3F7150B4-F856-4CBE-BC4E-F398719EE2B2}.Ad-Hoc|iPhone.Build.0 = Release|Any CPU
		{3F7150B4-F856-4CBE-BC4E-F398719EE2B2}.Ad-Hoc|iPhoneSimulator.ActiveCfg = Debug|Any CPU
		{3F7150B4-F856-4CBE-BC4E-F398719EE2B2}.AppStore|Any CPU.ActiveCfg = Debug|Any CPU
		{3F7150B4-F856-4CBE-BC4E-F398719EE2B2}.AppStore|iPhone.ActiveCfg = Release|Any CPU
		{3F7150B4-F856-4CBE-BC4E-F398719EE2B2}.AppStore|iPhone.Build.0 = Release|Any CPU
		{3F7150B4-F856-4CBE-BC4E-F398719EE2B2}.AppStore|iPhoneSimulator.ActiveCfg = Debug|Any CPU
		{3F7150B4-F856-4CBE-BC4E-F398719EE2B2}.Debug|Any CPU.ActiveCfg = Debug|Any CPU
		{3F7150B4-F856-4CBE-BC4E-F398719EE2B2}.Debug|Any CPU.Build.0 = Debug|Any CPU
		{3F7150B4-F856-4CBE-BC4E-F398719EE2B2}.Debug|iPhone.ActiveCfg = Debug|Any CPU
		{3F7150B4-F856-4CBE-BC4E-F398719EE2B2}.Debug|iPhone.Build.0 = Debug|Any CPU
		{3F7150B4-F856-4CBE-BC4E-F398719EE2B2}.Debug|iPhoneSimulator.ActiveCfg = Debug|Any CPU
		{3F7150B4-F856-4CBE-BC4E-F398719EE2B2}.Debug|iPhoneSimulator.Build.0 = Debug|Any CPU
		{3F7150B4-F856-4CBE-BC4E-F398719EE2B2}.Release|Any CPU.ActiveCfg = Release|Any CPU
		{3F7150B4-F856-4CBE-BC4E-F398719EE2B2}.Release|Any CPU.Build.0 = Release|Any CPU
		{3F7150B4-F856-4CBE-BC4E-F398719EE2B2}.Release|iPhone.ActiveCfg = Release|Any CPU
		{3F7150B4-F856-4CBE-BC4E-F398719EE2B2}.Release|iPhone.Build.0 = Release|Any CPU
		{3F7150B4-F856-4CBE-BC4E-F398719EE2B2}.Release|iPhoneSimulator.ActiveCfg = Release|Any CPU
		{3F7150B4-F856-4CBE-BC4E-F398719EE2B2}.Release|iPhoneSimulator.Build.0 = Release|Any CPU
	EndGlobalSection
	GlobalSection(SolutionProperties) = preSolution
		HideSolutionNode = FALSE
	EndGlobalSection
EndGlobal
