
Microsoft Visual Studio Solution File, Format Version 12.00
# Visual Studio 2012
Project("{FAE04EC0-301F-11D3-BF4B-00C04F79EFBC}") = "Xamarin-Sidebar", "Xamarin-Sidebar\Xamarin-Sidebar.csproj", "{4046DF23-7FA6-4662-938D-FA3FF45DB144}"
EndProject
Global
	GlobalSection(SolutionConfigurationPlatforms) = preSolution
		Debug|Any CPU = Debug|Any CPU
		Release|Any CPU = Release|Any CPU
	EndGlobalSection
	GlobalSection(ProjectConfigurationPlatforms) = postSolution
		{4046DF23-7FA6-4662-938D-FA3FF45DB144}.Debug|Any CPU.ActiveCfg = Debug|Any CPU
		{4046DF23-7FA6-4662-938D-FA3FF45DB144}.Debug|Any CPU.Build.0 = Debug|Any CPU
		{4046DF23-7FA6-4662-938D-FA3FF45DB144}.Release|Any CPU.ActiveCfg = Release|Any CPU
		{4046DF23-7FA6-4662-938D-FA3FF45DB144}.Release|Any CPU.Build.0 = Release|Any CPU
	EndGlobalSection
	GlobalSection(MonoDevelopProperties) = preSolution
		StartupItem = Xamarin-Sidebar\Xamarin-Sidebar.csproj
	EndGlobalSection
EndGlobal
