
Microsoft Visual Studio Solution File, Format Version 12.00
# Visual Studio 2012
Project("{FAE04EC0-301F-11D3-BF4B-00C04F79EFBC}") = "NavigationUnifiedSample", "NavigationUnifiedSample\NavigationUnifiedSample.csproj", "{DF605F5E-C39C-44E1-9A61-7B7F66C8718A}"
EndProject
Global
	GlobalSection(SolutionConfigurationPlatforms) = preSolution
		Debug|iPhoneSimulator = Debug|iPhoneSimulator
		Release|iPhoneSimulator = Release|iPhoneSimulator
		Debug|iPhone = Debug|iPhone
		Release|iPhone = Release|iPhone
		Ad-Hoc|iPhone = Ad-Hoc|iPhone
		AppStore|iPhone = AppStore|iPhone
	EndGlobalSection
	GlobalSection(ProjectConfigurationPlatforms) = postSolution
		{DF605F5E-C39C-44E1-9A61-7B7F66C8718A}.Ad-Hoc|iPhone.ActiveCfg = Ad-Hoc|iPhone
		{DF605F5E-C39C-44E1-9A61-7B7F66C8718A}.Ad-Hoc|iPhone.Build.0 = Ad-Hoc|iPhone
		{DF605F5E-C39C-44E1-9A61-7B7F66C8718A}.AppStore|iPhone.ActiveCfg = AppStore|iPhone
		{DF605F5E-C39C-44E1-9A61-7B7F66C8718A}.AppStore|iPhone.Build.0 = AppStore|iPhone
		{DF605F5E-C39C-44E1-9A61-7B7F66C8718A}.Debug|iPhone.ActiveCfg = Debug|iPhone
		{DF605F5E-C39C-44E1-9A61-7B7F66C8718A}.Debug|iPhone.Build.0 = Debug|iPhone
		{DF605F5E-C39C-44E1-9A61-7B7F66C8718A}.Debug|iPhoneSimulator.ActiveCfg = Debug|iPhoneSimulator
		{DF605F5E-C39C-44E1-9A61-7B7F66C8718A}.Debug|iPhoneSimulator.Build.0 = Debug|iPhoneSimulator
		{DF605F5E-C39C-44E1-9A61-7B7F66C8718A}.Release|iPhone.ActiveCfg = Release|iPhone
		{DF605F5E-C39C-44E1-9A61-7B7F66C8718A}.Release|iPhone.Build.0 = Release|iPhone
		{DF605F5E-C39C-44E1-9A61-7B7F66C8718A}.Release|iPhoneSimulator.ActiveCfg = Release|iPhoneSimulator
		{DF605F5E-C39C-44E1-9A61-7B7F66C8718A}.Release|iPhoneSimulator.Build.0 = Release|iPhoneSimulator
	EndGlobalSection
EndGlobal
