
Microsoft Visual Studio Solution File, Format Version 12.00
# Visual Studio 2012
Project("{FAE04EC0-301F-11D3-BF4B-00C04F79EFBC}") = "StoryboardSample", "StoryboardSample\StoryboardSample.csproj", "{57D912C5-BE55-40E7-A3CB-47FEBCD72777}"
EndProject
Global
	GlobalSection(SolutionConfigurationPlatforms) = preSolution
		Debug|iPhoneSimulator = Debug|iPhoneSimulator
		Release|iPhone = Release|iPhone
		Release|iPhoneSimulator = Release|iPhoneSimulator
		Debug|iPhone = Debug|iPhone
	EndGlobalSection
	GlobalSection(ProjectConfigurationPlatforms) = postSolution
		{57D912C5-BE55-40E7-A3CB-47FEBCD72777}.Debug|iPhone.ActiveCfg = Debug|iPhone
		{57D912C5-BE55-40E7-A3CB-47FEBCD72777}.Debug|iPhone.Build.0 = Debug|iPhone
		{57D912C5-BE55-40E7-A3CB-47FEBCD72777}.Debug|iPhoneSimulator.ActiveCfg = Debug|iPhoneSimulator
		{57D912C5-BE55-40E7-A3CB-47FEBCD72777}.Debug|iPhoneSimulator.Build.0 = Debug|iPhoneSimulator
		{57D912C5-BE55-40E7-A3CB-47FEBCD72777}.Release|iPhone.ActiveCfg = Release|iPhone
		{57D912C5-BE55-40E7-A3CB-47FEBCD72777}.Release|iPhone.Build.0 = Release|iPhone
		{57D912C5-BE55-40E7-A3CB-47FEBCD72777}.Release|iPhoneSimulator.ActiveCfg = Release|iPhoneSimulator
		{57D912C5-BE55-40E7-A3CB-47FEBCD72777}.Release|iPhoneSimulator.Build.0 = Release|iPhoneSimulator
	EndGlobalSection
EndGlobal
